
Microsoft Visual Studio Solution File, Format Version 12.00
# Visual Studio Version 17
VisualStudioVersion = 17.6.33829.357
MinimumVisualStudioVersion = 10.0.40219.1
Project("{FAE04EC0-301F-11D3-BF4B-00C04F79EFBC}") = "TextRenderer-MeasureText-Returns-Not-Certain-Value", "TextRenderer-MeasureText-Returns-Not-Certain-Value\TextRenderer-MeasureText-Returns-Not-Certain-Value.csproj", "{5E982067-3BCD-40E7-A3BC-BC1659F7381C}"
EndProject
Global
	GlobalSection(SolutionConfigurationPlatforms) = preSolution
		Debug|Any CPU = Debug|Any CPU
		Release|Any CPU = Release|Any CPU
	EndGlobalSection
	GlobalSection(ProjectConfigurationPlatforms) = postSolution
		{5E982067-3BCD-40E7-A3BC-BC1659F7381C}.Debug|Any CPU.ActiveCfg = Debug|Any CPU
		{5E982067-3BCD-40E7-A3BC-BC1659F7381C}.Debug|Any CPU.Build.0 = Debug|Any CPU
		{5E982067-3BCD-40E7-A3BC-BC1659F7381C}.Release|Any CPU.ActiveCfg = Release|Any CPU
		{5E982067-3BCD-40E7-A3BC-BC1659F7381C}.Release|Any CPU.Build.0 = Release|Any CPU
	EndGlobalSection
	GlobalSection(SolutionProperties) = preSolution
		HideSolutionNode = FALSE
	EndGlobalSection
	GlobalSection(ExtensibilityGlobals) = postSolution
		SolutionGuid = {AA8F80D5-27FB-4B8E-8F69-D810E80A551A}
	EndGlobalSection
EndGlobal
